
Microsoft Visual Studio Solution File, Format Version 12.00
# Visual Studio 15
VisualStudioVersion = 15.0.28307.168
MinimumVisualStudioVersion = 10.0.40219.1
Project("{FAE04EC0-301F-11D3-BF4B-00C04F79EFBC}") = "BTreeSortedDictionaryLib", "BTreeSortedDictionaryLib\BTreeSortedDictionaryLib.csproj", "{7DF7B0B2-23E1-4D2E-B3F7-B81E5C0D198B}"
EndProject
Project("{FAE04EC0-301F-11D3-BF4B-00C04F79EFBC}") = "BTreeRun", "BTreeRun\BTreeRun.csproj", "{55EBFEAE-E843-4F5B-9859-5F84D7AF0061}"
EndProject
Project("{FAE04EC0-301F-11D3-BF4B-00C04F79EFBC}") = "BTreeTest", "BTreeTest\BTreeTest.csproj", "{F07C498A-3562-4E7A-B132-C03E5F6B91F8}"
EndProject
Global
	GlobalSection(SolutionConfigurationPlatforms) = preSolution
		Debug|Any CPU = Debug|Any CPU
		Release|Any CPU = Release|Any CPU
	EndGlobalSection
	GlobalSection(ProjectConfigurationPlatforms) = postSolution
		{7DF7B0B2-23E1-4D2E-B3F7-B81E5C0D198B}.Debug|Any CPU.ActiveCfg = Debug|Any CPU
		{7DF7B0B2-23E1-4D2E-B3F7-B81E5C0D198B}.Debug|Any CPU.Build.0 = Debug|Any CPU
		{7DF7B0B2-23E1-4D2E-B3F7-B81E5C0D198B}.Release|Any CPU.ActiveCfg = Release|Any CPU
		{7DF7B0B2-23E1-4D2E-B3F7-B81E5C0D198B}.Release|Any CPU.Build.0 = Release|Any CPU
		{55EBFEAE-E843-4F5B-9859-5F84D7AF0061}.Debug|Any CPU.ActiveCfg = Debug|Any CPU
		{55EBFEAE-E843-4F5B-9859-5F84D7AF0061}.Debug|Any CPU.Build.0 = Debug|Any CPU
		{55EBFEAE-E843-4F5B-9859-5F84D7AF0061}.Release|Any CPU.ActiveCfg = Release|Any CPU
		{55EBFEAE-E843-4F5B-9859-5F84D7AF0061}.Release|Any CPU.Build.0 = Release|Any CPU
		{F07C498A-3562-4E7A-B132-C03E5F6B91F8}.Debug|Any CPU.ActiveCfg = Debug|Any CPU
		{F07C498A-3562-4E7A-B132-C03E5F6B91F8}.Debug|Any CPU.Build.0 = Debug|Any CPU
		{F07C498A-3562-4E7A-B132-C03E5F6B91F8}.Release|Any CPU.ActiveCfg = Release|Any CPU
		{F07C498A-3562-4E7A-B132-C03E5F6B91F8}.Release|Any CPU.Build.0 = Release|Any CPU
	EndGlobalSection
	GlobalSection(SolutionProperties) = preSolution
		HideSolutionNode = FALSE
	EndGlobalSection
	GlobalSection(ExtensibilityGlobals) = postSolution
		SolutionGuid = {A03ED101-FD71-4E4F-946C-F36A7BF9B5CC}
	EndGlobalSection
EndGlobal
